{
  "name": "wger",
  "version": "1.8.0",
  "lockfileVersion": 1,
  "dependencies": {
<<<<<<< HEAD
    "angular2-jwt": {
      "version": "0.2.3",
      "resolved": "https://registry.npmjs.org/angular2-jwt/-/angular2-jwt-0.2.3.tgz",
      "integrity": "sha1-VO/do87tuoX2o3sWXyKsIrit8CE="
    },
=======
>>>>>>> b95634156831ed03748c7716b279a655dfc85074
    "bower": {
      "version": "1.8.0",
      "resolved": "https://registry.npmjs.org/bower/-/bower-1.8.0.tgz",
      "integrity": "sha1-Vdvr7wrZFVOC2enT5JfBNyNFtEo="
    }
  }
}
